// !$*UTF8*$!
{
	archiveVersion = 1;
	classes = {
	};
	objectVersion = 46;
	objects = {

/* Begin PBXBuildFile section */
		3F324E0118CF3FE000A09ACC /* Foundation.framework in Frameworks */ = {isa = PBXBuildFile; fileRef = 3F324E0018CF3FE000A09ACC /* Foundation.framework */; };
		3F324E0318CF3FE000A09ACC /* CoreGraphics.framework in Frameworks */ = {isa = PBXBuildFile; fileRef = 3F324E0218CF3FE000A09ACC /* CoreGraphics.framework */; };
		3F324E0518CF3FE000A09ACC /* UIKit.framework in Frameworks */ = {isa = PBXBuildFile; fileRef = 3F324E0418CF3FE000A09ACC /* UIKit.framework */; };
		3F324E0B18CF3FE000A09ACC /* InfoPlist.strings in Resources */ = {isa = PBXBuildFile; fileRef = 3F324E0918CF3FE000A09ACC /* InfoPlist.strings */; };
		3F324E0D18CF3FE000A09ACC /* main.m in Sources */ = {isa = PBXBuildFile; fileRef = 3F324E0C18CF3FE000A09ACC /* main.m */; };
		3F324E1118CF3FE000A09ACC /* AppDelegate.m in Sources */ = {isa = PBXBuildFile; fileRef = 3F324E1018CF3FE000A09ACC /* AppDelegate.m */; };
		3F324E1418CF3FE000A09ACC /* Main_iPhone.storyboard in Resources */ = {isa = PBXBuildFile; fileRef = 3F324E1218CF3FE000A09ACC /* Main_iPhone.storyboard */; };
		3F324E1718CF3FE000A09ACC /* Main_iPad.storyboard in Resources */ = {isa = PBXBuildFile; fileRef = 3F324E1518CF3FE000A09ACC /* Main_iPad.storyboard */; };
		3F324E1A18CF3FE000A09ACC /* ViewController.m in Sources */ = {isa = PBXBuildFile; fileRef = 3F324E1918CF3FE000A09ACC /* ViewController.m */; };
		3F324E1C18CF3FE000A09ACC /* Images.xcassets in Resources */ = {isa = PBXBuildFile; fileRef = 3F324E1B18CF3FE000A09ACC /* Images.xcassets */; };
		3F324E2318CF3FE000A09ACC /* XCTest.framework in Frameworks */ = {isa = PBXBuildFile; fileRef = 3F324E2218CF3FE000A09ACC /* XCTest.framework */; };
		3F324E2418CF3FE000A09ACC /* Foundation.framework in Frameworks */ = {isa = PBXBuildFile; fileRef = 3F324E0018CF3FE000A09ACC /* Foundation.framework */; };
		3F324E2518CF3FE000A09ACC /* UIKit.framework in Frameworks */ = {isa = PBXBuildFile; fileRef = 3F324E0418CF3FE000A09ACC /* UIKit.framework */; };
		3F324E2D18CF3FE000A09ACC /* InfoPlist.strings in Resources */ = {isa = PBXBuildFile; fileRef = 3F324E2B18CF3FE000A09ACC /* InfoPlist.strings */; };
		3F324E2F18CF3FE000A09ACC /* NationalParksTests.m in Sources */ = {isa = PBXBuildFile; fileRef = 3F324E2E18CF3FE000A09ACC /* NationalParksTests.m */; };
		3F324E3F18CF401100A09ACC /* about-25.png in Resources */ = {isa = PBXBuildFile; fileRef = 3F324E3918CF401100A09ACC /* about-25.png */; };
		3F324E4018CF401100A09ACC /* about-50.png in Resources */ = {isa = PBXBuildFile; fileRef = 3F324E3A18CF401100A09ACC /* about-50.png */; };
		3F324E4118CF401100A09ACC /* location-25.png in Resources */ = {isa = PBXBuildFile; fileRef = 3F324E3B18CF401100A09ACC /* location-25.png */; };
		3F324E4218CF401100A09ACC /* location-50.png in Resources */ = {isa = PBXBuildFile; fileRef = 3F324E3C18CF401100A09ACC /* location-50.png */; };
		3F324E4318CF401100A09ACC /* satellite_in_orbit-25.png in Resources */ = {isa = PBXBuildFile; fileRef = 3F324E3D18CF401100A09ACC /* satellite_in_orbit-25.png */; };
		3F324E4418CF401100A09ACC /* satellite_in_orbit-50.png in Resources */ = {isa = PBXBuildFile; fileRef = 3F324E3E18CF401100A09ACC /* satellite_in_orbit-50.png */; };
		3F324E4618CF41FA00A09ACC /* MapKit.framework in Frameworks */ = {isa = PBXBuildFile; fileRef = 3F324E4518CF41FA00A09ACC /* MapKit.framework */; };
		3F324E4918CF427600A09ACC /* MapVC.m in Sources */ = {isa = PBXBuildFile; fileRef = 3F324E4818CF427600A09ACC /* MapVC.m */; };
/* End PBXBuildFile section */

/* Begin PBXContainerItemProxy section */
		3F324E2618CF3FE000A09ACC /* PBXContainerItemProxy */ = {
			isa = PBXContainerItemProxy;
			containerPortal = 3F324DF518CF3FE000A09ACC /* Project object */;
			proxyType = 1;
			remoteGlobalIDString = 3F324DFC18CF3FE000A09ACC;
			remoteInfo = NationalParks;
		};
/* End PBXContainerItemProxy section */

/* Begin PBXFileReference section */
		3F324DFD18CF3FE000A09ACC /* NationalParks.app */ = {isa = PBXFileReference; explicitFileType = wrapper.application; includeInIndex = 0; path = NationalParks.app; sourceTree = BUILT_PRODUCTS_DIR; };
		3F324E0018CF3FE000A09ACC /* Foundation.framework */ = {isa = PBXFileReference; lastKnownFileType = wrapper.framework; name = Foundation.framework; path = System/Library/Frameworks/Foundation.framework; sourceTree = SDKROOT; };
		3F324E0218CF3FE000A09ACC /* CoreGraphics.framework */ = {isa = PBXFileReference; lastKnownFileType = wrapper.framework; name = CoreGraphics.framework; path = System/Library/Frameworks/CoreGraphics.framework; sourceTree = SDKROOT; };
		3F324E0418CF3FE000A09ACC /* UIKit.framework */ = {isa = PBXFileReference; lastKnownFileType = wrapper.framework; name = UIKit.framework; path = System/Library/Frameworks/UIKit.framework; sourceTree = SDKROOT; };
		3F324E0818CF3FE000A09ACC /* NationalParks-Info.plist */ = {isa = PBXFileReference; lastKnownFileType = text.plist.xml; path = "NationalParks-Info.plist"; sourceTree = "<group>"; };
		3F324E0A18CF3FE000A09ACC /* en */ = {isa = PBXFileReference; lastKnownFileType = text.plist.strings; name = en; path = en.lproj/InfoPlist.strings; sourceTree = "<group>"; };
		3F324E0C18CF3FE000A09ACC /* main.m */ = {isa = PBXFileReference; lastKnownFileType = sourcecode.c.objc; path = main.m; sourceTree = "<group>"; };
		3F324E0E18CF3FE000A09ACC /* NationalParks-Prefix.pch */ = {isa = PBXFileReference; lastKnownFileType = sourcecode.c.h; path = "NationalParks-Prefix.pch"; sourceTree = "<group>"; };
		3F324E0F18CF3FE000A09ACC /* AppDelegate.h */ = {isa = PBXFileReference; lastKnownFileType = sourcecode.c.h; path = AppDelegate.h; sourceTree = "<group>"; };
		3F324E1018CF3FE000A09ACC /* AppDelegate.m */ = {isa = PBXFileReference; lastKnownFileType = sourcecode.c.objc; path = AppDelegate.m; sourceTree = "<group>"; };
		3F324E1318CF3FE000A09ACC /* Base */ = {isa = PBXFileReference; lastKnownFileType = file.storyboard; name = Base; path = Base.lproj/Main_iPhone.storyboard; sourceTree = "<group>"; };
		3F324E1618CF3FE000A09ACC /* Base */ = {isa = PBXFileReference; lastKnownFileType = file.storyboard; name = Base; path = Base.lproj/Main_iPad.storyboard; sourceTree = "<group>"; };
		3F324E1818CF3FE000A09ACC /* ViewController.h */ = {isa = PBXFileReference; lastKnownFileType = sourcecode.c.h; path = ViewController.h; sourceTree = "<group>"; };
		3F324E1918CF3FE000A09ACC /* ViewController.m */ = {isa = PBXFileReference; lastKnownFileType = sourcecode.c.objc; path = ViewController.m; sourceTree = "<group>"; };
		3F324E1B18CF3FE000A09ACC /* Images.xcassets */ = {isa = PBXFileReference; lastKnownFileType = folder.assetcatalog; path = Images.xcassets; sourceTree = "<group>"; };
		3F324E2118CF3FE000A09ACC /* NationalParksTests.xctest */ = {isa = PBXFileReference; explicitFileType = wrapper.cfbundle; includeInIndex = 0; path = NationalParksTests.xctest; sourceTree = BUILT_PRODUCTS_DIR; };
		3F324E2218CF3FE000A09ACC /* XCTest.framework */ = {isa = PBXFileReference; lastKnownFileType = wrapper.framework; name = XCTest.framework; path = Library/Frameworks/XCTest.framework; sourceTree = DEVELOPER_DIR; };
		3F324E2A18CF3FE000A09ACC /* NationalParksTests-Info.plist */ = {isa = PBXFileReference; lastKnownFileType = text.plist.xml; path = "NationalParksTests-Info.plist"; sourceTree = "<group>"; };
		3F324E2C18CF3FE000A09ACC /* en */ = {isa = PBXFileReference; lastKnownFileType = text.plist.strings; name = en; path = en.lproj/InfoPlist.strings; sourceTree = "<group>"; };
		3F324E2E18CF3FE000A09ACC /* NationalParksTests.m */ = {isa = PBXFileReference; lastKnownFileType = sourcecode.c.objc; path = NationalParksTests.m; sourceTree = "<group>"; };
		3F324E3918CF401100A09ACC /* about-25.png */ = {isa = PBXFileReference; lastKnownFileType = image.png; path = "about-25.png"; sourceTree = "<group>"; };
		3F324E3A18CF401100A09ACC /* about-50.png */ = {isa = PBXFileReference; lastKnownFileType = image.png; path = "about-50.png"; sourceTree = "<group>"; };
		3F324E3B18CF401100A09ACC /* location-25.png */ = {isa = PBXFileReference; lastKnownFileType = image.png; path = "location-25.png"; sourceTree = "<group>"; };
		3F324E3C18CF401100A09ACC /* location-50.png */ = {isa = PBXFileReference; lastKnownFileType = image.png; path = "location-50.png"; sourceTree = "<group>"; };
		3F324E3D18CF401100A09ACC /* satellite_in_orbit-25.png */ = {isa = PBXFileReference; lastKnownFileType = image.png; path = "satellite_in_orbit-25.png"; sourceTree = "<group>"; };
		3F324E3E18CF401100A09ACC /* satellite_in_orbit-50.png */ = {isa = PBXFileReference; lastKnownFileType = image.png; path = "satellite_in_orbit-50.png"; sourceTree = "<group>"; };
		3F324E4518CF41FA00A09ACC /* MapKit.framework */ = {isa = PBXFileReference; lastKnownFileType = wrapper.framework; name = MapKit.framework; path = System/Library/Frameworks/MapKit.framework; sourceTree = SDKROOT; };
		3F324E4718CF427600A09ACC /* MapVC.h */ = {isa = PBXFileReference; fileEncoding = 4; lastKnownFileType = sourcecode.c.h; path = MapVC.h; sourceTree = "<group>"; };
		3F324E4818CF427600A09ACC /* MapVC.m */ = {isa = PBXFileReference; fileEncoding = 4; lastKnownFileType = sourcecode.c.objc; path = MapVC.m; sourceTree = "<group>"; };
/* End PBXFileReference section */

/* Begin PBXFrameworksBuildPhase section */
		3F324DFA18CF3FE000A09ACC /* Frameworks */ = {
			isa = PBXFrameworksBuildPhase;
			buildActionMask = 2147483647;
			files = (
				3F324E4618CF41FA00A09ACC /* MapKit.framework in Frameworks */,
				3F324E0318CF3FE000A09ACC /* CoreGraphics.framework in Frameworks */,
				3F324E0518CF3FE000A09ACC /* UIKit.framework in Frameworks */,
				3F324E0118CF3FE000A09ACC /* Foundation.framework in Frameworks */,
			);
			runOnlyForDeploymentPostprocessing = 0;
		};
		3F324E1E18CF3FE000A09ACC /* Frameworks */ = {
			isa = PBXFrameworksBuildPhase;
			buildActionMask = 2147483647;
			files = (
				3F324E2318CF3FE000A09ACC /* XCTest.framework in Frameworks */,
				3F324E2518CF3FE000A09ACC /* UIKit.framework in Frameworks */,
				3F324E2418CF3FE000A09ACC /* Foundation.framework in Frameworks */,
			);
			runOnlyForDeploymentPostprocessing = 0;
		};
/* End PBXFrameworksBuildPhase section */

/* Begin PBXGroup section */
		3F324DF418CF3FE000A09ACC = {
			isa = PBXGroup;
			children = (
				3F324E0618CF3FE000A09ACC /* NationalParks */,
				3F324E2818CF3FE000A09ACC /* NationalParksTests */,
				3F324DFF18CF3FE000A09ACC /* Frameworks */,
				3F324DFE18CF3FE000A09ACC /* Products */,
			);
			sourceTree = "<group>";
		};
		3F324DFE18CF3FE000A09ACC /* Products */ = {
			isa = PBXGroup;
			children = (
				3F324DFD18CF3FE000A09ACC /* NationalParks.app */,
				3F324E2118CF3FE000A09ACC /* NationalParksTests.xctest */,
			);
			name = Products;
			sourceTree = "<group>";
		};
		3F324DFF18CF3FE000A09ACC /* Frameworks */ = {
			isa = PBXGroup;
			children = (
				3F324E4518CF41FA00A09ACC /* MapKit.framework */,
				3F324E0018CF3FE000A09ACC /* Foundation.framework */,
				3F324E0218CF3FE000A09ACC /* CoreGraphics.framework */,
				3F324E0418CF3FE000A09ACC /* UIKit.framework */,
				3F324E2218CF3FE000A09ACC /* XCTest.framework */,
			);
			name = Frameworks;
			sourceTree = "<group>";
		};
		3F324E0618CF3FE000A09ACC /* NationalParks */ = {
			isa = PBXGroup;
			children = (
				3F324E0F18CF3FE000A09ACC /* AppDelegate.h */,
				3F324E1018CF3FE000A09ACC /* AppDelegate.m */,
				3F324E1218CF3FE000A09ACC /* Main_iPhone.storyboard */,
				3F324E1518CF3FE000A09ACC /* Main_iPad.storyboard */,
				3F324E1818CF3FE000A09ACC /* ViewController.h */,
				3F324E4718CF427600A09ACC /* MapVC.h */,
				3F324E4818CF427600A09ACC /* MapVC.m */,
				3F324E1918CF3FE000A09ACC /* ViewController.m */,
				3F324E1B18CF3FE000A09ACC /* Images.xcassets */,
				3F324E3818CF401100A09ACC /* Tab Bar Icons */,
				3F324E0718CF3FE000A09ACC /* Supporting Files */,
			);
			path = NationalParks;
			sourceTree = "<group>";
		};
		3F324E0718CF3FE000A09ACC /* Supporting Files */ = {
			isa = PBXGroup;
			children = (
				3F324E0818CF3FE000A09ACC /* NationalParks-Info.plist */,
				3F324E0918CF3FE000A09ACC /* InfoPlist.strings */,
				3F324E0C18CF3FE000A09ACC /* main.m */,
				3F324E0E18CF3FE000A09ACC /* NationalParks-Prefix.pch */,
			);
			name = "Supporting Files";
			sourceTree = "<group>";
		};
		3F324E2818CF3FE000A09ACC /* NationalParksTests */ = {
			isa = PBXGroup;
			children = (
				3F324E2E18CF3FE000A09ACC /* NationalParksTests.m */,
				3F324E2918CF3FE000A09ACC /* Supporting Files */,
			);
			path = NationalParksTests;
			sourceTree = "<group>";
		};
		3F324E2918CF3FE000A09ACC /* Supporting Files */ = {
			isa = PBXGroup;
			children = (
				3F324E2A18CF3FE000A09ACC /* NationalParksTests-Info.plist */,
				3F324E2B18CF3FE000A09ACC /* InfoPlist.strings */,
			);
			name = "Supporting Files";
			sourceTree = "<group>";
		};
		3F324E3818CF401100A09ACC /* Tab Bar Icons */ = {
			isa = PBXGroup;
			children = (
				3F324E3918CF401100A09ACC /* about-25.png */,
				3F324E3A18CF401100A09ACC /* about-50.png */,
				3F324E3B18CF401100A09ACC /* location-25.png */,
				3F324E3C18CF401100A09ACC /* location-50.png */,
				3F324E3D18CF401100A09ACC /* satellite_in_orbit-25.png */,
				3F324E3E18CF401100A09ACC /* satellite_in_orbit-50.png */,
			);
			name = "Tab Bar Icons";
			path = "../Tab Bar Icons";
			sourceTree = "<group>";
		};
/* End PBXGroup section */

/* Begin PBXNativeTarget section */
		3F324DFC18CF3FE000A09ACC /* NationalParks */ = {
			isa = PBXNativeTarget;
			buildConfigurationList = 3F324E3218CF3FE000A09ACC /* Build configuration list for PBXNativeTarget "NationalParks" */;
			buildPhases = (
				3F324DF918CF3FE000A09ACC /* Sources */,
				3F324DFA18CF3FE000A09ACC /* Frameworks */,
				3F324DFB18CF3FE000A09ACC /* Resources */,
			);
			buildRules = (
			);
			dependencies = (
			);
			name = NationalParks;
			productName = NationalParks;
			productReference = 3F324DFD18CF3FE000A09ACC /* NationalParks.app */;
			productType = "com.apple.product-type.application";
		};
		3F324E2018CF3FE000A09ACC /* NationalParksTests */ = {
			isa = PBXNativeTarget;
			buildConfigurationList = 3F324E3518CF3FE000A09ACC /* Build configuration list for PBXNativeTarget "NationalParksTests" */;
			buildPhases = (
				3F324E1D18CF3FE000A09ACC /* Sources */,
				3F324E1E18CF3FE000A09ACC /* Frameworks */,
				3F324E1F18CF3FE000A09ACC /* Resources */,
			);
			buildRules = (
			);
			dependencies = (
				3F324E2718CF3FE000A09ACC /* PBXTargetDependency */,
			);
			name = NationalParksTests;
			productName = NationalParksTests;
			productReference = 3F324E2118CF3FE000A09ACC /* NationalParksTests.xctest */;
			productType = "com.apple.product-type.bundle.unit-test";
		};
/* End PBXNativeTarget section */

/* Begin PBXProject section */
		3F324DF518CF3FE000A09ACC /* Project object */ = {
			isa = PBXProject;
			attributes = {
				LastUpgradeCheck = 0500;
				ORGANIZATIONNAME = Student;
				TargetAttributes = {
					3F324E2018CF3FE000A09ACC = {
						TestTargetID = 3F324DFC18CF3FE000A09ACC;
					};
				};
			};
			buildConfigurationList = 3F324DF818CF3FE000A09ACC /* Build configuration list for PBXProject "NationalParks" */;
			compatibilityVersion = "Xcode 3.2";
			developmentRegion = English;
			hasScannedForEncodings = 0;
			knownRegions = (
				en,
				Base,
			);
			mainGroup = 3F324DF418CF3FE000A09ACC;
			productRefGroup = 3F324DFE18CF3FE000A09ACC /* Products */;
			projectDirPath = "";
			projectRoot = "";
			targets = (
				3F324DFC18CF3FE000A09ACC /* NationalParks */,
				3F324E2018CF3FE000A09ACC /* NationalParksTests */,
			);
		};
/* End PBXProject section */

/* Begin PBXResourcesBuildPhase section */
		3F324DFB18CF3FE000A09ACC /* Resources */ = {
			isa = PBXResourcesBuildPhase;
			buildActionMask = 2147483647;
			files = (
				3F324E4018CF401100A09ACC /* about-50.png in Resources */,
				3F324E1718CF3FE000A09ACC /* Main_iPad.storyboard in Resources */,
				3F324E4418CF401100A09ACC /* satellite_in_orbit-50.png in Resources */,
				3F324E1C18CF3FE000A09ACC /* Images.xcassets in Resources */,
				3F324E4118CF401100A09ACC /* location-25.png in Resources */,
				3F324E4318CF401100A09ACC /* satellite_in_orbit-25.png in Resources */,
				3F324E1418CF3FE000A09ACC /* Main_iPhone.storyboard in Resources */,
				3F324E4218CF401100A09ACC /* location-50.png in Resources */,
				3F324E3F18CF401100A09ACC /* about-25.png in Resources */,
				3F324E0B18CF3FE000A09ACC /* InfoPlist.strings in Resources */,
			);
			runOnlyForDeploymentPostprocessing = 0;
		};
		3F324E1F18CF3FE000A09ACC /* Resources */ = {
			isa = PBXResourcesBuildPhase;
			buildActionMask = 2147483647;
			files = (
				3F324E2D18CF3FE000A09ACC /* InfoPlist.strings in Resources */,
			);
			runOnlyForDeploymentPostprocessing = 0;
		};
/* End PBXResourcesBuildPhase section */

/* Begin PBXSourcesBuildPhase section */
		3F324DF918CF3FE000A09ACC /* Sources */ = {
			isa = PBXSourcesBuildPhase;
			buildActionMask = 2147483647;
			files = (
				3F324E1A18CF3FE000A09ACC /* ViewController.m in Sources */,
				3F324E4918CF427600A09ACC /* MapVC.m in Sources */,
				3F324E1118CF3FE000A09ACC /* AppDelegate.m in Sources */,
				3F324E0D18CF3FE000A09ACC /* main.m in Sources */,
			);
			runOnlyForDeploymentPostprocessing = 0;
		};
		3F324E1D18CF3FE000A09ACC /* Sources */ = {
			isa = PBXSourcesBuildPhase;
			buildActionMask = 2147483647;
			files = (
				3F324E2F18CF3FE000A09ACC /* NationalParksTests.m in Sources */,
			);
			runOnlyForDeploymentPostprocessing = 0;
		};
/* End PBXSourcesBuildPhase section */

/* Begin PBXTargetDependency section */
		3F324E2718CF3FE000A09ACC /* PBXTargetDependency */ = {
			isa = PBXTargetDependency;
			target = 3F324DFC18CF3FE000A09ACC /* NationalParks */;
			targetProxy = 3F324E2618CF3FE000A09ACC /* PBXContainerItemProxy */;
		};
/* End PBXTargetDependency section */

/* Begin PBXVariantGroup section */
		3F324E0918CF3FE000A09ACC /* InfoPlist.strings */ = {
			isa = PBXVariantGroup;
			children = (
				3F324E0A18CF3FE000A09ACC /* en */,
			);
			name = InfoPlist.strings;
			sourceTree = "<group>";
		};
		3F324E1218CF3FE000A09ACC /* Main_iPhone.storyboard */ = {
			isa = PBXVariantGroup;
			children = (
				3F324E1318CF3FE000A09ACC /* Base */,
			);
			name = Main_iPhone.storyboard;
			sourceTree = "<group>";
		};
		3F324E1518CF3FE000A09ACC /* Main_iPad.storyboard */ = {
			isa = PBXVariantGroup;
			children = (
				3F324E1618CF3FE000A09ACC /* Base */,
			);
			name = Main_iPad.storyboard;
			sourceTree = "<group>";
		};
		3F324E2B18CF3FE000A09ACC /* InfoPlist.strings */ = {
			isa = PBXVariantGroup;
			children = (
				3F324E2C18CF3FE000A09ACC /* en */,
			);
			name = InfoPlist.strings;
			sourceTree = "<group>";
		};
/* End PBXVariantGroup section */

/* Begin XCBuildConfiguration section */
		3F324E3018CF3FE000A09ACC /* Debug */ = {
			isa = XCBuildConfiguration;
			buildSettings = {
				ALWAYS_SEARCH_USER_PATHS = NO;
				ARCHS = "$(ARCHS_STANDARD_INCLUDING_64_BIT)";
				CLANG_CXX_LANGUAGE_STANDARD = "gnu++0x";
				CLANG_CXX_LIBRARY = "libc++";
				CLANG_ENABLE_MODULES = YES;
				CLANG_ENABLE_OBJC_ARC = YES;
				CLANG_WARN_BOOL_CONVERSION = YES;
				CLANG_WARN_CONSTANT_CONVERSION = YES;
				CLANG_WARN_DIRECT_OBJC_ISA_USAGE = YES_ERROR;
				CLANG_WARN_EMPTY_BODY = YES;
				CLANG_WARN_ENUM_CONVERSION = YES;
				CLANG_WARN_INT_CONVERSION = YES;
				CLANG_WARN_OBJC_ROOT_CLASS = YES_ERROR;
				CLANG_WARN__DUPLICATE_METHOD_MATCH = YES;
				"CODE_SIGN_IDENTITY[sdk=iphoneos*]" = "iPhone Developer";
				COPY_PHASE_STRIP = NO;
				GCC_C_LANGUAGE_STANDARD = gnu99;
				GCC_DYNAMIC_NO_PIC = NO;
				GCC_OPTIMIZATION_LEVEL = 0;
				GCC_PREPROCESSOR_DEFINITIONS = (
					"DEBUG=1",
					"$(inherited)",
				);
				GCC_SYMBOLS_PRIVATE_EXTERN = NO;
				GCC_WARN_64_TO_32_BIT_CONVERSION = YES;
				GCC_WARN_ABOUT_RETURN_TYPE = YES_ERROR;
				GCC_WARN_UNDECLARED_SELECTOR = YES;
				GCC_WARN_UNINITIALIZED_AUTOS = YES;
				GCC_WARN_UNUSED_FUNCTION = YES;
				GCC_WARN_UNUSED_VARIABLE = YES;
				IPHONEOS_DEPLOYMENT_TARGET = 7.0;
				ONLY_ACTIVE_ARCH = YES;
				SDKROOT = iphoneos;
				TARGETED_DEVICE_FAMILY = "1,2";
			};
			name = Debug;
		};
		3F324E3118CF3FE000A09ACC /* Release */ = {
			isa = XCBuildConfiguration;
			buildSettings = {
				ALWAYS_SEARCH_USER_PATHS = NO;
				ARCHS = "$(ARCHS_STANDARD_INCLUDING_64_BIT)";
				CLANG_CXX_LANGUAGE_STANDARD = "gnu++0x";
				CLANG_CXX_LIBRARY = "libc++";
				CLANG_ENABLE_MODULES = YES;
				CLANG_ENABLE_OBJC_ARC = YES;
				CLANG_WARN_BOOL_CONVERSION = YES;
				CLANG_WARN_CONSTANT_CONVERSION = YES;
				CLANG_WARN_DIRECT_OBJC_ISA_USAGE = YES_ERROR;
				CLANG_WARN_EMPTY_BODY = YES;
				CLANG_WARN_ENUM_CONVERSION = YES;
				CLANG_WARN_INT_CONVERSION = YES;
				CLANG_WARN_OBJC_ROOT_CLASS = YES_ERROR;
				CLANG_WARN__DUPLICATE_METHOD_MATCH = YES;
				"CODE_SIGN_IDENTITY[sdk=iphoneos*]" = "iPhone Developer";
				COPY_PHASE_STRIP = YES;
				ENABLE_NS_ASSERTIONS = NO;
				GCC_C_LANGUAGE_STANDARD = gnu99;
				GCC_WARN_64_TO_32_BIT_CONVERSION = YES;
				GCC_WARN_ABOUT_RETURN_TYPE = YES_ERROR;
				GCC_WARN_UNDECLARED_SELECTOR = YES;
				GCC_WARN_UNINITIALIZED_AUTOS = YES;
				GCC_WARN_UNUSED_FUNCTION = YES;
				GCC_WARN_UNUSED_VARIABLE = YES;
				IPHONEOS_DEPLOYMENT_TARGET = 7.0;
				SDKROOT = iphoneos;
				TARGETED_DEVICE_FAMILY = "1,2";
				VALIDATE_PRODUCT = YES;
			};
			name = Release;
		};
		3F324E3318CF3FE000A09ACC /* Debug */ = {
			isa = XCBuildConfiguration;
			buildSettings = {
				ASSETCATALOG_COMPILER_APPICON_NAME = AppIcon;
				ASSETCATALOG_COMPILER_LAUNCHIMAGE_NAME = LaunchImage;
				GCC_PRECOMPILE_PREFIX_HEADER = YES;
				GCC_PREFIX_HEADER = "NationalParks/NationalParks-Prefix.pch";
				INFOPLIST_FILE = "NationalParks/NationalParks-Info.plist";
				PRODUCT_NAME = "$(TARGET_NAME)";
				WRAPPER_EXTENSION = app;
			};
			name = Debug;
		};
		3F324E3418CF3FE000A09ACC /* Release */ = {
			isa = XCBuildConfiguration;
			buildSettings = {
				ASSETCATALOG_COMPILER_APPICON_NAME = AppIcon;
				ASSETCATALOG_COMPILER_LAUNCHIMAGE_NAME = LaunchImage;
				GCC_PRECOMPILE_PREFIX_HEADER = YES;
				GCC_PREFIX_HEADER = "NationalParks/NationalParks-Prefix.pch";
				INFOPLIST_FILE = "NationalParks/NationalParks-Info.plist";
				PRODUCT_NAME = "$(TARGET_NAME)";
				WRAPPER_EXTENSION = app;
			};
			name = Release;
		};
		3F324E3618CF3FE000A09ACC /* Debug */ = {
			isa = XCBuildConfiguration;
			buildSettings = {
				ARCHS = "$(ARCHS_STANDARD_INCLUDING_64_BIT)";
				BUNDLE_LOADER = "$(BUILT_PRODUCTS_DIR)/NationalParks.app/NationalParks";
				FRAMEWORK_SEARCH_PATHS = (
					"$(SDKROOT)/Developer/Library/Frameworks",
					"$(inherited)",
					"$(DEVELOPER_FRAMEWORKS_DIR)",
				);
				GCC_PRECOMPILE_PREFIX_HEADER = YES;
				GCC_PREFIX_HEADER = "NationalParks/NationalParks-Prefix.pch";
				GCC_PREPROCESSOR_DEFINITIONS = (
					"DEBUG=1",
					"$(inherited)",
				);
				INFOPLIST_FILE = "NationalParksTests/NationalParksTests-Info.plist";
				PRODUCT_NAME = "$(TARGET_NAME)";
				TEST_HOST = "$(BUNDLE_LOADER)";
				WRAPPER_EXTENSION = xctest;
			};
			name = Debug;
		};
		3F324E3718CF3FE000A09ACC /* Release */ = {
			isa = XCBuildConfiguration;
			buildSettings = {
				ARCHS = "$(ARCHS_STANDARD_INCLUDING_64_BIT)";
				BUNDLE_LOADER = "$(BUILT_PRODUCTS_DIR)/NationalParks.app/NationalParks";
				FRAMEWORK_SEARCH_PATHS = (
					"$(SDKROOT)/Developer/Library/Frameworks",
					"$(inherited)",
					"$(DEVELOPER_FRAMEWORKS_DIR)",
				);
				GCC_PRECOMPILE_PREFIX_HEADER = YES;
				GCC_PREFIX_HEADER = "NationalParks/NationalParks-Prefix.pch";
				INFOPLIST_FILE = "NationalParksTests/NationalParksTests-Info.plist";
				PRODUCT_NAME = "$(TARGET_NAME)";
				TEST_HOST = "$(BUNDLE_LOADER)";
				WRAPPER_EXTENSION = xctest;
			};
			name = Release;
		};
/* End XCBuildConfiguration section */

/* Begin XCConfigurationList section */
		3F324DF818CF3FE000A09ACC /* Build configuration list for PBXProject "NationalParks" */ = {
			isa = XCConfigurationList;
			buildConfigurations = (
				3F324E3018CF3FE000A09ACC /* Debug */,
				3F324E3118CF3FE000A09ACC /* Release */,
			);
			defaultConfigurationIsVisible = 0;
			defaultConfigurationName = Release;
		};
		3F324E3218CF3FE000A09ACC /* Build configuration list for PBXNativeTarget "NationalParks" */ = {
			isa = XCConfigurationList;
			buildConfigurations = (
				3F324E3318CF3FE000A09ACC /* Debug */,
				3F324E3418CF3FE000A09ACC /* Release */,
			);
			defaultConfigurationIsVisible = 0;
		};
		3F324E3518CF3FE000A09ACC /* Build configuration list for PBXNativeTarget "NationalParksTests" */ = {
			isa = XCConfigurationList;
			buildConfigurations = (
				3F324E3618CF3FE000A09ACC /* Debug */,
				3F324E3718CF3FE000A09ACC /* Release */,
			);
			defaultConfigurationIsVisible = 0;
		};
/* End XCConfigurationList section */
	};
	rootObject = 3F324DF518CF3FE000A09ACC /* Project object */;
}
