// !$*UTF8*$!
{
	archiveVersion = 1;
	classes = {
	};
	objectVersion = 46;
	objects = {

/* Begin PBXBuildFile section */
		3F5596EC18A3CA07001744ED /* Foundation.framework in Frameworks */ = {isa = PBXBuildFile; fileRef = 3F5596EB18A3CA07001744ED /* Foundation.framework */; };
		3F5596EE18A3CA07001744ED /* CoreGraphics.framework in Frameworks */ = {isa = PBXBuildFile; fileRef = 3F5596ED18A3CA07001744ED /* CoreGraphics.framework */; };
		3F5596F018A3CA07001744ED /* UIKit.framework in Frameworks */ = {isa = PBXBuildFile; fileRef = 3F5596EF18A3CA07001744ED /* UIKit.framework */; };
		3F5596F618A3CA07001744ED /* InfoPlist.strings in Resources */ = {isa = PBXBuildFile; fileRef = 3F5596F418A3CA07001744ED /* InfoPlist.strings */; };
		3F5596F818A3CA07001744ED /* main.m in Sources */ = {isa = PBXBuildFile; fileRef = 3F5596F718A3CA07001744ED /* main.m */; };
		3F5596FC18A3CA07001744ED /* AppDelegate.m in Sources */ = {isa = PBXBuildFile; fileRef = 3F5596FB18A3CA07001744ED /* AppDelegate.m */; };
		3F5596FF18A3CA07001744ED /* Main.storyboard in Resources */ = {isa = PBXBuildFile; fileRef = 3F5596FD18A3CA07001744ED /* Main.storyboard */; };
		3F55970218A3CA07001744ED /* ViewController.m in Sources */ = {isa = PBXBuildFile; fileRef = 3F55970118A3CA07001744ED /* ViewController.m */; };
		3F55970418A3CA07001744ED /* Images.xcassets in Resources */ = {isa = PBXBuildFile; fileRef = 3F55970318A3CA07001744ED /* Images.xcassets */; };
		3F55970B18A3CA07001744ED /* XCTest.framework in Frameworks */ = {isa = PBXBuildFile; fileRef = 3F55970A18A3CA07001744ED /* XCTest.framework */; };
		3F55970C18A3CA07001744ED /* Foundation.framework in Frameworks */ = {isa = PBXBuildFile; fileRef = 3F5596EB18A3CA07001744ED /* Foundation.framework */; };
		3F55970D18A3CA07001744ED /* UIKit.framework in Frameworks */ = {isa = PBXBuildFile; fileRef = 3F5596EF18A3CA07001744ED /* UIKit.framework */; };
		3F55971518A3CA07001744ED /* InfoPlist.strings in Resources */ = {isa = PBXBuildFile; fileRef = 3F55971318A3CA07001744ED /* InfoPlist.strings */; };
		3F55971718A3CA07001744ED /* iNoyingTests.m in Sources */ = {isa = PBXBuildFile; fileRef = 3F55971618A3CA07001744ED /* iNoyingTests.m */; };
		3F55972118A3CB6C001744ED /* resources.zip in Resources */ = {isa = PBXBuildFile; fileRef = 3F55972018A3CB6C001744ED /* resources.zip */; };
		3F55972A18A3CB7D001744ED /* bart_642x642.fw.png in Resources */ = {isa = PBXBuildFile; fileRef = 3F55972218A3CB7D001744ED /* bart_642x642.fw.png */; };
		3F55972B18A3CB7D001744ED /* bart_back.png in Resources */ = {isa = PBXBuildFile; fileRef = 3F55972318A3CB7D001744ED /* bart_back.png */; };
		3F55972C18A3CB7D001744ED /* bart_back@2x.png in Resources */ = {isa = PBXBuildFile; fileRef = 3F55972418A3CB7D001744ED /* bart_back@2x.png */; };
		3F55972D18A3CB7D001744ED /* bart_button.png in Resources */ = {isa = PBXBuildFile; fileRef = 3F55972518A3CB7D001744ED /* bart_button.png */; };
		3F55972E18A3CB7D001744ED /* eatshort1.mp3 in Resources */ = {isa = PBXBuildFile; fileRef = 3F55972618A3CB7D001744ED /* eatshort1.mp3 */; };
		3F55972F18A3CB7D001744ED /* icon_58x58.png in Resources */ = {isa = PBXBuildFile; fileRef = 3F55972718A3CB7D001744ED /* icon_58x58.png */; };
		3F55973018A3CB7D001744ED /* icon_80x80.png in Resources */ = {isa = PBXBuildFile; fileRef = 3F55972818A3CB7D001744ED /* icon_80x80.png */; };
		3F55973118A3CB7D001744ED /* icon_120x120.png in Resources */ = {isa = PBXBuildFile; fileRef = 3F55972918A3CB7D001744ED /* icon_120x120.png */; };
/* End PBXBuildFile section */

/* Begin PBXContainerItemProxy section */
		3F55970E18A3CA07001744ED /* PBXContainerItemProxy */ = {
			isa = PBXContainerItemProxy;
			containerPortal = 3F5596E018A3CA07001744ED /* Project object */;
			proxyType = 1;
			remoteGlobalIDString = 3F5596E718A3CA07001744ED;
			remoteInfo = iNoying;
		};
/* End PBXContainerItemProxy section */

/* Begin PBXFileReference section */
		3F5596E818A3CA07001744ED /* iNoying.app */ = {isa = PBXFileReference; explicitFileType = wrapper.application; includeInIndex = 0; path = iNoying.app; sourceTree = BUILT_PRODUCTS_DIR; };
		3F5596EB18A3CA07001744ED /* Foundation.framework */ = {isa = PBXFileReference; lastKnownFileType = wrapper.framework; name = Foundation.framework; path = System/Library/Frameworks/Foundation.framework; sourceTree = SDKROOT; };
		3F5596ED18A3CA07001744ED /* CoreGraphics.framework */ = {isa = PBXFileReference; lastKnownFileType = wrapper.framework; name = CoreGraphics.framework; path = System/Library/Frameworks/CoreGraphics.framework; sourceTree = SDKROOT; };
		3F5596EF18A3CA07001744ED /* UIKit.framework */ = {isa = PBXFileReference; lastKnownFileType = wrapper.framework; name = UIKit.framework; path = System/Library/Frameworks/UIKit.framework; sourceTree = SDKROOT; };
		3F5596F318A3CA07001744ED /* iNoying-Info.plist */ = {isa = PBXFileReference; lastKnownFileType = text.plist.xml; path = "iNoying-Info.plist"; sourceTree = "<group>"; };
		3F5596F518A3CA07001744ED /* en */ = {isa = PBXFileReference; lastKnownFileType = text.plist.strings; name = en; path = en.lproj/InfoPlist.strings; sourceTree = "<group>"; };
		3F5596F718A3CA07001744ED /* main.m */ = {isa = PBXFileReference; lastKnownFileType = sourcecode.c.objc; path = main.m; sourceTree = "<group>"; };
		3F5596F918A3CA07001744ED /* iNoying-Prefix.pch */ = {isa = PBXFileReference; lastKnownFileType = sourcecode.c.h; path = "iNoying-Prefix.pch"; sourceTree = "<group>"; };
		3F5596FA18A3CA07001744ED /* AppDelegate.h */ = {isa = PBXFileReference; lastKnownFileType = sourcecode.c.h; path = AppDelegate.h; sourceTree = "<group>"; };
		3F5596FB18A3CA07001744ED /* AppDelegate.m */ = {isa = PBXFileReference; lastKnownFileType = sourcecode.c.objc; path = AppDelegate.m; sourceTree = "<group>"; };
		3F5596FE18A3CA07001744ED /* Base */ = {isa = PBXFileReference; lastKnownFileType = file.storyboard; name = Base; path = Base.lproj/Main.storyboard; sourceTree = "<group>"; };
		3F55970018A3CA07001744ED /* ViewController.h */ = {isa = PBXFileReference; lastKnownFileType = sourcecode.c.h; path = ViewController.h; sourceTree = "<group>"; };
		3F55970118A3CA07001744ED /* ViewController.m */ = {isa = PBXFileReference; lastKnownFileType = sourcecode.c.objc; path = ViewController.m; sourceTree = "<group>"; };
		3F55970318A3CA07001744ED /* Images.xcassets */ = {isa = PBXFileReference; lastKnownFileType = folder.assetcatalog; path = Images.xcassets; sourceTree = "<group>"; };
		3F55970918A3CA07001744ED /* iNoyingTests.xctest */ = {isa = PBXFileReference; explicitFileType = wrapper.cfbundle; includeInIndex = 0; path = iNoyingTests.xctest; sourceTree = BUILT_PRODUCTS_DIR; };
		3F55970A18A3CA07001744ED /* XCTest.framework */ = {isa = PBXFileReference; lastKnownFileType = wrapper.framework; name = XCTest.framework; path = Library/Frameworks/XCTest.framework; sourceTree = DEVELOPER_DIR; };
		3F55971218A3CA07001744ED /* iNoyingTests-Info.plist */ = {isa = PBXFileReference; lastKnownFileType = text.plist.xml; path = "iNoyingTests-Info.plist"; sourceTree = "<group>"; };
		3F55971418A3CA07001744ED /* en */ = {isa = PBXFileReference; lastKnownFileType = text.plist.strings; name = en; path = en.lproj/InfoPlist.strings; sourceTree = "<group>"; };
		3F55971618A3CA07001744ED /* iNoyingTests.m */ = {isa = PBXFileReference; lastKnownFileType = sourcecode.c.objc; path = iNoyingTests.m; sourceTree = "<group>"; };
		3F55972018A3CB6C001744ED /* resources.zip */ = {isa = PBXFileReference; lastKnownFileType = archive.zip; name = resources.zip; path = ../../../Downloads/resources.zip; sourceTree = "<group>"; };
		3F55972218A3CB7D001744ED /* bart_642x642.fw.png */ = {isa = PBXFileReference; lastKnownFileType = image.png; path = bart_642x642.fw.png; sourceTree = "<group>"; };
		3F55972318A3CB7D001744ED /* bart_back.png */ = {isa = PBXFileReference; lastKnownFileType = image.png; path = bart_back.png; sourceTree = "<group>"; };
		3F55972418A3CB7D001744ED /* bart_back@2x.png */ = {isa = PBXFileReference; lastKnownFileType = image.png; path = "bart_back@2x.png"; sourceTree = "<group>"; };
		3F55972518A3CB7D001744ED /* bart_button.png */ = {isa = PBXFileReference; lastKnownFileType = image.png; path = bart_button.png; sourceTree = "<group>"; };
		3F55972618A3CB7D001744ED /* eatshort1.mp3 */ = {isa = PBXFileReference; lastKnownFileType = audio.mp3; path = eatshort1.mp3; sourceTree = "<group>"; };
		3F55972718A3CB7D001744ED /* icon_58x58.png */ = {isa = PBXFileReference; lastKnownFileType = image.png; path = icon_58x58.png; sourceTree = "<group>"; };
		3F55972818A3CB7D001744ED /* icon_80x80.png */ = {isa = PBXFileReference; lastKnownFileType = image.png; path = icon_80x80.png; sourceTree = "<group>"; };
		3F55972918A3CB7D001744ED /* icon_120x120.png */ = {isa = PBXFileReference; lastKnownFileType = image.png; path = icon_120x120.png; sourceTree = "<group>"; };
/* End PBXFileReference section */

/* Begin PBXFrameworksBuildPhase section */
		3F5596E518A3CA07001744ED /* Frameworks */ = {
			isa = PBXFrameworksBuildPhase;
			buildActionMask = 2147483647;
			files = (
				3F5596EE18A3CA07001744ED /* CoreGraphics.framework in Frameworks */,
				3F5596F018A3CA07001744ED /* UIKit.framework in Frameworks */,
				3F5596EC18A3CA07001744ED /* Foundation.framework in Frameworks */,
			);
			runOnlyForDeploymentPostprocessing = 0;
		};
		3F55970618A3CA07001744ED /* Frameworks */ = {
			isa = PBXFrameworksBuildPhase;
			buildActionMask = 2147483647;
			files = (
				3F55970B18A3CA07001744ED /* XCTest.framework in Frameworks */,
				3F55970D18A3CA07001744ED /* UIKit.framework in Frameworks */,
				3F55970C18A3CA07001744ED /* Foundation.framework in Frameworks */,
			);
			runOnlyForDeploymentPostprocessing = 0;
		};
/* End PBXFrameworksBuildPhase section */

/* Begin PBXGroup section */
		3F5596DF18A3CA07001744ED = {
			isa = PBXGroup;
			children = (
				3F5596F118A3CA07001744ED /* iNoying */,
				3F55971018A3CA07001744ED /* iNoyingTests */,
				3F5596EA18A3CA07001744ED /* Frameworks */,
				3F5596E918A3CA07001744ED /* Products */,
			);
			sourceTree = "<group>";
		};
		3F5596E918A3CA07001744ED /* Products */ = {
			isa = PBXGroup;
			children = (
				3F5596E818A3CA07001744ED /* iNoying.app */,
				3F55970918A3CA07001744ED /* iNoyingTests.xctest */,
			);
			name = Products;
			sourceTree = "<group>";
		};
		3F5596EA18A3CA07001744ED /* Frameworks */ = {
			isa = PBXGroup;
			children = (
				3F5596EB18A3CA07001744ED /* Foundation.framework */,
				3F5596ED18A3CA07001744ED /* CoreGraphics.framework */,
				3F5596EF18A3CA07001744ED /* UIKit.framework */,
				3F55970A18A3CA07001744ED /* XCTest.framework */,
			);
			name = Frameworks;
			sourceTree = "<group>";
		};
		3F5596F118A3CA07001744ED /* iNoying */ = {
			isa = PBXGroup;
			children = (
				3F5596FA18A3CA07001744ED /* AppDelegate.h */,
				3F5596FB18A3CA07001744ED /* AppDelegate.m */,
				3F5596FD18A3CA07001744ED /* Main.storyboard */,
				3F55970018A3CA07001744ED /* ViewController.h */,
				3F55970118A3CA07001744ED /* ViewController.m */,
				3F55972018A3CB6C001744ED /* resources.zip */,
				3F55972218A3CB7D001744ED /* bart_642x642.fw.png */,
				3F55972318A3CB7D001744ED /* bart_back.png */,
				3F55972418A3CB7D001744ED /* bart_back@2x.png */,
				3F55972518A3CB7D001744ED /* bart_button.png */,
				3F55972618A3CB7D001744ED /* eatshort1.mp3 */,
				3F55972718A3CB7D001744ED /* icon_58x58.png */,
				3F55972818A3CB7D001744ED /* icon_80x80.png */,
				3F55972918A3CB7D001744ED /* icon_120x120.png */,
				3F55970318A3CA07001744ED /* Images.xcassets */,
				3F5596F218A3CA07001744ED /* Supporting Files */,
			);
			path = iNoying;
			sourceTree = "<group>";
		};
		3F5596F218A3CA07001744ED /* Supporting Files */ = {
			isa = PBXGroup;
			children = (
				3F5596F318A3CA07001744ED /* iNoying-Info.plist */,
				3F5596F418A3CA07001744ED /* InfoPlist.strings */,
				3F5596F718A3CA07001744ED /* main.m */,
				3F5596F918A3CA07001744ED /* iNoying-Prefix.pch */,
			);
			name = "Supporting Files";
			sourceTree = "<group>";
		};
		3F55971018A3CA07001744ED /* iNoyingTests */ = {
			isa = PBXGroup;
			children = (
				3F55971618A3CA07001744ED /* iNoyingTests.m */,
				3F55971118A3CA07001744ED /* Supporting Files */,
			);
			path = iNoyingTests;
			sourceTree = "<group>";
		};
		3F55971118A3CA07001744ED /* Supporting Files */ = {
			isa = PBXGroup;
			children = (
				3F55971218A3CA07001744ED /* iNoyingTests-Info.plist */,
				3F55971318A3CA07001744ED /* InfoPlist.strings */,
			);
			name = "Supporting Files";
			sourceTree = "<group>";
		};
/* End PBXGroup section */

/* Begin PBXNativeTarget section */
		3F5596E718A3CA07001744ED /* iNoying */ = {
			isa = PBXNativeTarget;
			buildConfigurationList = 3F55971A18A3CA07001744ED /* Build configuration list for PBXNativeTarget "iNoying" */;
			buildPhases = (
				3F5596E418A3CA07001744ED /* Sources */,
				3F5596E518A3CA07001744ED /* Frameworks */,
				3F5596E618A3CA07001744ED /* Resources */,
			);
			buildRules = (
			);
			dependencies = (
			);
			name = iNoying;
			productName = iNoying;
			productReference = 3F5596E818A3CA07001744ED /* iNoying.app */;
			productType = "com.apple.product-type.application";
		};
		3F55970818A3CA07001744ED /* iNoyingTests */ = {
			isa = PBXNativeTarget;
			buildConfigurationList = 3F55971D18A3CA07001744ED /* Build configuration list for PBXNativeTarget "iNoyingTests" */;
			buildPhases = (
				3F55970518A3CA07001744ED /* Sources */,
				3F55970618A3CA07001744ED /* Frameworks */,
				3F55970718A3CA07001744ED /* Resources */,
			);
			buildRules = (
			);
			dependencies = (
				3F55970F18A3CA07001744ED /* PBXTargetDependency */,
			);
			name = iNoyingTests;
			productName = iNoyingTests;
			productReference = 3F55970918A3CA07001744ED /* iNoyingTests.xctest */;
			productType = "com.apple.product-type.bundle.unit-test";
		};
/* End PBXNativeTarget section */

/* Begin PBXProject section */
		3F5596E018A3CA07001744ED /* Project object */ = {
			isa = PBXProject;
			attributes = {
				LastUpgradeCheck = 0500;
				ORGANIZATIONNAME = Student;
				TargetAttributes = {
					3F55970818A3CA07001744ED = {
						TestTargetID = 3F5596E718A3CA07001744ED;
					};
				};
			};
			buildConfigurationList = 3F5596E318A3CA07001744ED /* Build configuration list for PBXProject "iNoying" */;
			compatibilityVersion = "Xcode 3.2";
			developmentRegion = English;
			hasScannedForEncodings = 0;
			knownRegions = (
				en,
				Base,
			);
			mainGroup = 3F5596DF18A3CA07001744ED;
			productRefGroup = 3F5596E918A3CA07001744ED /* Products */;
			projectDirPath = "";
			projectRoot = "";
			targets = (
				3F5596E718A3CA07001744ED /* iNoying */,
				3F55970818A3CA07001744ED /* iNoyingTests */,
			);
		};
/* End PBXProject section */

/* Begin PBXResourcesBuildPhase section */
		3F5596E618A3CA07001744ED /* Resources */ = {
			isa = PBXResourcesBuildPhase;
			buildActionMask = 2147483647;
			files = (
				3F55972C18A3CB7D001744ED /* bart_back@2x.png in Resources */,
				3F55970418A3CA07001744ED /* Images.xcassets in Resources */,
				3F55972118A3CB6C001744ED /* resources.zip in Resources */,
				3F55972F18A3CB7D001744ED /* icon_58x58.png in Resources */,
				3F55972E18A3CB7D001744ED /* eatshort1.mp3 in Resources */,
				3F55973118A3CB7D001744ED /* icon_120x120.png in Resources */,
				3F55973018A3CB7D001744ED /* icon_80x80.png in Resources */,
				3F55972A18A3CB7D001744ED /* bart_642x642.fw.png in Resources */,
				3F5596F618A3CA07001744ED /* InfoPlist.strings in Resources */,
				3F5596FF18A3CA07001744ED /* Main.storyboard in Resources */,
				3F55972D18A3CB7D001744ED /* bart_button.png in Resources */,
				3F55972B18A3CB7D001744ED /* bart_back.png in Resources */,
			);
			runOnlyForDeploymentPostprocessing = 0;
		};
		3F55970718A3CA07001744ED /* Resources */ = {
			isa = PBXResourcesBuildPhase;
			buildActionMask = 2147483647;
			files = (
				3F55971518A3CA07001744ED /* InfoPlist.strings in Resources */,
			);
			runOnlyForDeploymentPostprocessing = 0;
		};
/* End PBXResourcesBuildPhase section */

/* Begin PBXSourcesBuildPhase section */
		3F5596E418A3CA07001744ED /* Sources */ = {
			isa = PBXSourcesBuildPhase;
			buildActionMask = 2147483647;
			files = (
				3F55970218A3CA07001744ED /* ViewController.m in Sources */,
				3F5596FC18A3CA07001744ED /* AppDelegate.m in Sources */,
				3F5596F818A3CA07001744ED /* main.m in Sources */,
			);
			runOnlyForDeploymentPostprocessing = 0;
		};
		3F55970518A3CA07001744ED /* Sources */ = {
			isa = PBXSourcesBuildPhase;
			buildActionMask = 2147483647;
			files = (
				3F55971718A3CA07001744ED /* iNoyingTests.m in Sources */,
			);
			runOnlyForDeploymentPostprocessing = 0;
		};
/* End PBXSourcesBuildPhase section */

/* Begin PBXTargetDependency section */
		3F55970F18A3CA07001744ED /* PBXTargetDependency */ = {
			isa = PBXTargetDependency;
			target = 3F5596E718A3CA07001744ED /* iNoying */;
			targetProxy = 3F55970E18A3CA07001744ED /* PBXContainerItemProxy */;
		};
/* End PBXTargetDependency section */

/* Begin PBXVariantGroup section */
		3F5596F418A3CA07001744ED /* InfoPlist.strings */ = {
			isa = PBXVariantGroup;
			children = (
				3F5596F518A3CA07001744ED /* en */,
			);
			name = InfoPlist.strings;
			sourceTree = "<group>";
		};
		3F5596FD18A3CA07001744ED /* Main.storyboard */ = {
			isa = PBXVariantGroup;
			children = (
				3F5596FE18A3CA07001744ED /* Base */,
			);
			name = Main.storyboard;
			sourceTree = "<group>";
		};
		3F55971318A3CA07001744ED /* InfoPlist.strings */ = {
			isa = PBXVariantGroup;
			children = (
				3F55971418A3CA07001744ED /* en */,
			);
			name = InfoPlist.strings;
			sourceTree = "<group>";
		};
/* End PBXVariantGroup section */

/* Begin XCBuildConfiguration section */
		3F55971818A3CA07001744ED /* Debug */ = {
			isa = XCBuildConfiguration;
			buildSettings = {
				ALWAYS_SEARCH_USER_PATHS = NO;
				ARCHS = "$(ARCHS_STANDARD_INCLUDING_64_BIT)";
				CLANG_CXX_LANGUAGE_STANDARD = "gnu++0x";
				CLANG_CXX_LIBRARY = "libc++";
				CLANG_ENABLE_MODULES = YES;
				CLANG_ENABLE_OBJC_ARC = YES;
				CLANG_WARN_BOOL_CONVERSION = YES;
				CLANG_WARN_CONSTANT_CONVERSION = YES;
				CLANG_WARN_DIRECT_OBJC_ISA_USAGE = YES_ERROR;
				CLANG_WARN_EMPTY_BODY = YES;
				CLANG_WARN_ENUM_CONVERSION = YES;
				CLANG_WARN_INT_CONVERSION = YES;
				CLANG_WARN_OBJC_ROOT_CLASS = YES_ERROR;
				CLANG_WARN__DUPLICATE_METHOD_MATCH = YES;
				"CODE_SIGN_IDENTITY[sdk=iphoneos*]" = "iPhone Developer";
				COPY_PHASE_STRIP = NO;
				GCC_C_LANGUAGE_STANDARD = gnu99;
				GCC_DYNAMIC_NO_PIC = NO;
				GCC_OPTIMIZATION_LEVEL = 0;
				GCC_PREPROCESSOR_DEFINITIONS = (
					"DEBUG=1",
					"$(inherited)",
				);
				GCC_SYMBOLS_PRIVATE_EXTERN = NO;
				GCC_WARN_64_TO_32_BIT_CONVERSION = YES;
				GCC_WARN_ABOUT_RETURN_TYPE = YES_ERROR;
				GCC_WARN_UNDECLARED_SELECTOR = YES;
				GCC_WARN_UNINITIALIZED_AUTOS = YES;
				GCC_WARN_UNUSED_FUNCTION = YES;
				GCC_WARN_UNUSED_VARIABLE = YES;
				IPHONEOS_DEPLOYMENT_TARGET = 7.0;
				ONLY_ACTIVE_ARCH = YES;
				SDKROOT = iphoneos;
			};
			name = Debug;
		};
		3F55971918A3CA07001744ED /* Release */ = {
			isa = XCBuildConfiguration;
			buildSettings = {
				ALWAYS_SEARCH_USER_PATHS = NO;
				ARCHS = "$(ARCHS_STANDARD_INCLUDING_64_BIT)";
				CLANG_CXX_LANGUAGE_STANDARD = "gnu++0x";
				CLANG_CXX_LIBRARY = "libc++";
				CLANG_ENABLE_MODULES = YES;
				CLANG_ENABLE_OBJC_ARC = YES;
				CLANG_WARN_BOOL_CONVERSION = YES;
				CLANG_WARN_CONSTANT_CONVERSION = YES;
				CLANG_WARN_DIRECT_OBJC_ISA_USAGE = YES_ERROR;
				CLANG_WARN_EMPTY_BODY = YES;
				CLANG_WARN_ENUM_CONVERSION = YES;
				CLANG_WARN_INT_CONVERSION = YES;
				CLANG_WARN_OBJC_ROOT_CLASS = YES_ERROR;
				CLANG_WARN__DUPLICATE_METHOD_MATCH = YES;
				"CODE_SIGN_IDENTITY[sdk=iphoneos*]" = "iPhone Developer";
				COPY_PHASE_STRIP = YES;
				ENABLE_NS_ASSERTIONS = NO;
				GCC_C_LANGUAGE_STANDARD = gnu99;
				GCC_WARN_64_TO_32_BIT_CONVERSION = YES;
				GCC_WARN_ABOUT_RETURN_TYPE = YES_ERROR;
				GCC_WARN_UNDECLARED_SELECTOR = YES;
				GCC_WARN_UNINITIALIZED_AUTOS = YES;
				GCC_WARN_UNUSED_FUNCTION = YES;
				GCC_WARN_UNUSED_VARIABLE = YES;
				IPHONEOS_DEPLOYMENT_TARGET = 7.0;
				SDKROOT = iphoneos;
				VALIDATE_PRODUCT = YES;
			};
			name = Release;
		};
		3F55971B18A3CA07001744ED /* Debug */ = {
			isa = XCBuildConfiguration;
			buildSettings = {
				ASSETCATALOG_COMPILER_APPICON_NAME = AppIcon;
				ASSETCATALOG_COMPILER_LAUNCHIMAGE_NAME = LaunchImage;
				GCC_PRECOMPILE_PREFIX_HEADER = YES;
				GCC_PREFIX_HEADER = "iNoying/iNoying-Prefix.pch";
				INFOPLIST_FILE = "iNoying/iNoying-Info.plist";
				PRODUCT_NAME = "$(TARGET_NAME)";
				WRAPPER_EXTENSION = app;
			};
			name = Debug;
		};
		3F55971C18A3CA07001744ED /* Release */ = {
			isa = XCBuildConfiguration;
			buildSettings = {
				ASSETCATALOG_COMPILER_APPICON_NAME = AppIcon;
				ASSETCATALOG_COMPILER_LAUNCHIMAGE_NAME = LaunchImage;
				GCC_PRECOMPILE_PREFIX_HEADER = YES;
				GCC_PREFIX_HEADER = "iNoying/iNoying-Prefix.pch";
				INFOPLIST_FILE = "iNoying/iNoying-Info.plist";
				PRODUCT_NAME = "$(TARGET_NAME)";
				WRAPPER_EXTENSION = app;
			};
			name = Release;
		};
		3F55971E18A3CA07001744ED /* Debug */ = {
			isa = XCBuildConfiguration;
			buildSettings = {
				ARCHS = "$(ARCHS_STANDARD_INCLUDING_64_BIT)";
				BUNDLE_LOADER = "$(BUILT_PRODUCTS_DIR)/iNoying.app/iNoying";
				FRAMEWORK_SEARCH_PATHS = (
					"$(SDKROOT)/Developer/Library/Frameworks",
					"$(inherited)",
					"$(DEVELOPER_FRAMEWORKS_DIR)",
				);
				GCC_PRECOMPILE_PREFIX_HEADER = YES;
				GCC_PREFIX_HEADER = "iNoying/iNoying-Prefix.pch";
				GCC_PREPROCESSOR_DEFINITIONS = (
					"DEBUG=1",
					"$(inherited)",
				);
				INFOPLIST_FILE = "iNoyingTests/iNoyingTests-Info.plist";
				PRODUCT_NAME = "$(TARGET_NAME)";
				TEST_HOST = "$(BUNDLE_LOADER)";
				WRAPPER_EXTENSION = xctest;
			};
			name = Debug;
		};
		3F55971F18A3CA07001744ED /* Release */ = {
			isa = XCBuildConfiguration;
			buildSettings = {
				ARCHS = "$(ARCHS_STANDARD_INCLUDING_64_BIT)";
				BUNDLE_LOADER = "$(BUILT_PRODUCTS_DIR)/iNoying.app/iNoying";
				FRAMEWORK_SEARCH_PATHS = (
					"$(SDKROOT)/Developer/Library/Frameworks",
					"$(inherited)",
					"$(DEVELOPER_FRAMEWORKS_DIR)",
				);
				GCC_PRECOMPILE_PREFIX_HEADER = YES;
				GCC_PREFIX_HEADER = "iNoying/iNoying-Prefix.pch";
				INFOPLIST_FILE = "iNoyingTests/iNoyingTests-Info.plist";
				PRODUCT_NAME = "$(TARGET_NAME)";
				TEST_HOST = "$(BUNDLE_LOADER)";
				WRAPPER_EXTENSION = xctest;
			};
			name = Release;
		};
/* End XCBuildConfiguration section */

/* Begin XCConfigurationList section */
		3F5596E318A3CA07001744ED /* Build configuration list for PBXProject "iNoying" */ = {
			isa = XCConfigurationList;
			buildConfigurations = (
				3F55971818A3CA07001744ED /* Debug */,
				3F55971918A3CA07001744ED /* Release */,
			);
			defaultConfigurationIsVisible = 0;
			defaultConfigurationName = Release;
		};
		3F55971A18A3CA07001744ED /* Build configuration list for PBXNativeTarget "iNoying" */ = {
			isa = XCConfigurationList;
			buildConfigurations = (
				3F55971B18A3CA07001744ED /* Debug */,
				3F55971C18A3CA07001744ED /* Release */,
			);
			defaultConfigurationIsVisible = 0;
		};
		3F55971D18A3CA07001744ED /* Build configuration list for PBXNativeTarget "iNoyingTests" */ = {
			isa = XCConfigurationList;
			buildConfigurations = (
				3F55971E18A3CA07001744ED /* Debug */,
				3F55971F18A3CA07001744ED /* Release */,
			);
			defaultConfigurationIsVisible = 0;
		};
/* End XCConfigurationList section */
	};
	rootObject = 3F5596E018A3CA07001744ED /* Project object */;
}
